// !$*UTF8*$!
{
	archiveVersion = 1;
	classes = {
	};
	objectVersion = 56;
	objects = {

/* Begin PBXBuildFile section */
		E64ECDE12A5CAD51007D1446 /* HikeApp.swift in Sources */ = {isa = PBXBuildFile; fileRef = E64ECDE02A5CAD51007D1446 /* HikeApp.swift */; };
		E64ECDE32A5CAD51007D1446 /* ContentView.swift in Sources */ = {isa = PBXBuildFile; fileRef = E64ECDE22A5CAD51007D1446 /* ContentView.swift */; };
		E64ECDE52A5CAD53007D1446 /* Assets.xcassets in Resources */ = {isa = PBXBuildFile; fileRef = E64ECDE42A5CAD53007D1446 /* Assets.xcassets */; };
		E64ECDE82A5CAD53007D1446 /* Preview Assets.xcassets in Resources */ = {isa = PBXBuildFile; fileRef = E64ECDE72A5CAD53007D1446 /* Preview Assets.xcassets */; };
		E696D3F02A5F41DE00CB0E72 /* CircleButton.swift in Sources */ = {isa = PBXBuildFile; fileRef = E696D3EF2A5F41DD00CB0E72 /* CircleButton.swift */; };
		E696D3F22A5F58C700CB0E72 /* GradientButtonStyle.swift in Sources */ = {isa = PBXBuildFile; fileRef = E696D3F12A5F58C700CB0E72 /* GradientButtonStyle.swift */; };
		E6A0DFDF2A5D9D840018F8A0 /* CardView.swift in Sources */ = {isa = PBXBuildFile; fileRef = E6A0DFDE2A5D9D840018F8A0 /* CardView.swift */; };
		E6A0DFE12A5D9D960018F8A0 /* BackgroundView.swift in Sources */ = {isa = PBXBuildFile; fileRef = E6A0DFE02A5D9D960018F8A0 /* BackgroundView.swift */; };
		E6A0DFE42A5D9DB20018F8A0 /* ColorExtensions.swift in Sources */ = {isa = PBXBuildFile; fileRef = E6A0DFE32A5D9DB20018F8A0 /* ColorExtensions.swift */; };
		E6A0DFE62A5EE3130018F8A0 /* CardHeaderView.swift in Sources */ = {isa = PBXBuildFile; fileRef = E6A0DFE52A5EE3130018F8A0 /* CardHeaderView.swift */; };
/* End PBXBuildFile section */

/* Begin PBXFileReference section */
		E64ECDDD2A5CAD51007D1446 /* Hike.app */ = {isa = PBXFileReference; explicitFileType = wrapper.application; includeInIndex = 0; path = Hike.app; sourceTree = BUILT_PRODUCTS_DIR; };
		E64ECDE02A5CAD51007D1446 /* HikeApp.swift */ = {isa = PBXFileReference; lastKnownFileType = sourcecode.swift; path = HikeApp.swift; sourceTree = "<group>"; };
		E64ECDE22A5CAD51007D1446 /* ContentView.swift */ = {isa = PBXFileReference; lastKnownFileType = sourcecode.swift; path = ContentView.swift; sourceTree = "<group>"; };
		E64ECDE42A5CAD53007D1446 /* Assets.xcassets */ = {isa = PBXFileReference; lastKnownFileType = folder.assetcatalog; path = Assets.xcassets; sourceTree = "<group>"; };
		E64ECDE72A5CAD53007D1446 /* Preview Assets.xcassets */ = {isa = PBXFileReference; lastKnownFileType = folder.assetcatalog; path = "Preview Assets.xcassets"; sourceTree = "<group>"; };
		E696D3EF2A5F41DD00CB0E72 /* CircleButton.swift */ = {isa = PBXFileReference; lastKnownFileType = sourcecode.swift; path = CircleButton.swift; sourceTree = "<group>"; };
		E696D3F12A5F58C700CB0E72 /* GradientButtonStyle.swift */ = {isa = PBXFileReference; lastKnownFileType = sourcecode.swift; path = GradientButtonStyle.swift; sourceTree = "<group>"; };
		E6A0DFDE2A5D9D840018F8A0 /* CardView.swift */ = {isa = PBXFileReference; lastKnownFileType = sourcecode.swift; path = CardView.swift; sourceTree = "<group>"; };
		E6A0DFE02A5D9D960018F8A0 /* BackgroundView.swift */ = {isa = PBXFileReference; lastKnownFileType = sourcecode.swift; path = BackgroundView.swift; sourceTree = "<group>"; };
		E6A0DFE32A5D9DB20018F8A0 /* ColorExtensions.swift */ = {isa = PBXFileReference; lastKnownFileType = sourcecode.swift; path = ColorExtensions.swift; sourceTree = "<group>"; };
		E6A0DFE52A5EE3130018F8A0 /* CardHeaderView.swift */ = {isa = PBXFileReference; lastKnownFileType = sourcecode.swift; path = CardHeaderView.swift; sourceTree = "<group>"; };
/* End PBXFileReference section */

/* Begin PBXFrameworksBuildPhase section */
		E64ECDDA2A5CAD51007D1446 /* Frameworks */ = {
			isa = PBXFrameworksBuildPhase;
			buildActionMask = 2147483647;
			files = (
			);
			runOnlyForDeploymentPostprocessing = 0;
		};
/* End PBXFrameworksBuildPhase section */

/* Begin PBXGroup section */
		E64ECDD42A5CAD51007D1446 = {
			isa = PBXGroup;
			children = (
				E64ECDDF2A5CAD51007D1446 /* Hike */,
				E64ECDDE2A5CAD51007D1446 /* Products */,
			);
			sourceTree = "<group>";
		};
		E64ECDDE2A5CAD51007D1446 /* Products */ = {
			isa = PBXGroup;
			children = (
				E64ECDDD2A5CAD51007D1446 /* Hike.app */,
			);
			name = Products;
			sourceTree = "<group>";
		};
		E64ECDDF2A5CAD51007D1446 /* Hike */ = {
			isa = PBXGroup;
			children = (
				E6A0DFE22A5D9D9E0018F8A0 /* Utils */,
				E6A0DFDD2A5D9D6C0018F8A0 /* Screens */,
				E6A0DFDC2A5D9D610018F8A0 /* Components */,
				E64ECDE02A5CAD51007D1446 /* HikeApp.swift */,
				E64ECDE42A5CAD53007D1446 /* Assets.xcassets */,
				E64ECDE62A5CAD53007D1446 /* Preview Content */,
			);
			path = Hike;
			sourceTree = "<group>";
		};
		E64ECDE62A5CAD53007D1446 /* Preview Content */ = {
			isa = PBXGroup;
			children = (
				E64ECDE72A5CAD53007D1446 /* Preview Assets.xcassets */,
			);
			path = "Preview Content";
			sourceTree = "<group>";
		};
		E6A0DFDC2A5D9D610018F8A0 /* Components */ = {
			isa = PBXGroup;
			children = (
				E6A0DFDE2A5D9D840018F8A0 /* CardView.swift */,
				E6A0DFE02A5D9D960018F8A0 /* BackgroundView.swift */,
				E6A0DFE52A5EE3130018F8A0 /* CardHeaderView.swift */,
				E696D3EF2A5F41DD00CB0E72 /* CircleButton.swift */,
			);
			path = Components;
			sourceTree = "<group>";
		};
		E6A0DFDD2A5D9D6C0018F8A0 /* Screens */ = {
			isa = PBXGroup;
			children = (
				E64ECDE22A5CAD51007D1446 /* ContentView.swift */,
			);
			path = Screens;
			sourceTree = "<group>";
		};
		E6A0DFE22A5D9D9E0018F8A0 /* Utils */ = {
			isa = PBXGroup;
			children = (
				E6A0DFE32A5D9DB20018F8A0 /* ColorExtensions.swift */,
				E696D3F12A5F58C700CB0E72 /* GradientButtonStyle.swift */,
			);
			path = Utils;
			sourceTree = "<group>";
		};
/* End PBXGroup section */

/* Begin PBXNativeTarget section */
		E64ECDDC2A5CAD51007D1446 /* Hike */ = {
			isa = PBXNativeTarget;
			buildConfigurationList = E64ECDEB2A5CAD53007D1446 /* Build configuration list for PBXNativeTarget "Hike" */;
			buildPhases = (
				E64ECDD92A5CAD51007D1446 /* Sources */,
				E64ECDDA2A5CAD51007D1446 /* Frameworks */,
				E64ECDDB2A5CAD51007D1446 /* Resources */,
			);
			buildRules = (
			);
			dependencies = (
			);
			name = Hike;
			productName = Hike;
			productReference = E64ECDDD2A5CAD51007D1446 /* Hike.app */;
			productType = "com.apple.product-type.application";
		};
/* End PBXNativeTarget section */

/* Begin PBXProject section */
		E64ECDD52A5CAD51007D1446 /* Project object */ = {
			isa = PBXProject;
			attributes = {
				BuildIndependentTargetsInParallel = 1;
				LastSwiftUpdateCheck = 1430;
				LastUpgradeCheck = 1430;
				TargetAttributes = {
					E64ECDDC2A5CAD51007D1446 = {
						CreatedOnToolsVersion = 14.3.1;
					};
				};
			};
			buildConfigurationList = E64ECDD82A5CAD51007D1446 /* Build configuration list for PBXProject "Hike" */;
			compatibilityVersion = "Xcode 14.0";
			developmentRegion = en;
			hasScannedForEncodings = 0;
			knownRegions = (
				en,
				Base,
			);
			mainGroup = E64ECDD42A5CAD51007D1446;
			productRefGroup = E64ECDDE2A5CAD51007D1446 /* Products */;
			projectDirPath = "";
			projectRoot = "";
			targets = (
				E64ECDDC2A5CAD51007D1446 /* Hike */,
			);
		};
/* End PBXProject section */

/* Begin PBXResourcesBuildPhase section */
		E64ECDDB2A5CAD51007D1446 /* Resources */ = {
			isa = PBXResourcesBuildPhase;
			buildActionMask = 2147483647;
			files = (
				E64ECDE82A5CAD53007D1446 /* Preview Assets.xcassets in Resources */,
				E64ECDE52A5CAD53007D1446 /* Assets.xcassets in Resources */,
			);
			runOnlyForDeploymentPostprocessing = 0;
		};
/* End PBXResourcesBuildPhase section */

/* Begin PBXSourcesBuildPhase section */
		E64ECDD92A5CAD51007D1446 /* Sources */ = {
			isa = PBXSourcesBuildPhase;
			buildActionMask = 2147483647;
			files = (
				E696D3F02A5F41DE00CB0E72 /* CircleButton.swift in Sources */,
				E64ECDE32A5CAD51007D1446 /* ContentView.swift in Sources */,
				E6A0DFE42A5D9DB20018F8A0 /* ColorExtensions.swift in Sources */,
				E6A0DFDF2A5D9D840018F8A0 /* CardView.swift in Sources */,
				E6A0DFE12A5D9D960018F8A0 /* BackgroundView.swift in Sources */,
				E64ECDE12A5CAD51007D1446 /* HikeApp.swift in Sources */,
				E6A0DFE62A5EE3130018F8A0 /* CardHeaderView.swift in Sources */,
				E696D3F22A5F58C700CB0E72 /* GradientButtonStyle.swift in Sources */,
			);
			runOnlyForDeploymentPostprocessing = 0;
		};
/* End PBXSourcesBuildPhase section */

/* Begin XCBuildConfiguration section */
		E64ECDE92A5CAD53007D1446 /* Debug */ = {
			isa = XCBuildConfiguration;
			buildSettings = {
				ALWAYS_SEARCH_USER_PATHS = NO;
				CLANG_ANALYZER_NONNULL = YES;
				CLANG_ANALYZER_NUMBER_OBJECT_CONVERSION = YES_AGGRESSIVE;
				CLANG_CXX_LANGUAGE_STANDARD = "gnu++20";
				CLANG_ENABLE_MODULES = YES;
				CLANG_ENABLE_OBJC_ARC = YES;
				CLANG_ENABLE_OBJC_WEAK = YES;
				CLANG_WARN_BLOCK_CAPTURE_AUTORELEASING = YES;
				CLANG_WARN_BOOL_CONVERSION = YES;
				CLANG_WARN_COMMA = YES;
				CLANG_WARN_CONSTANT_CONVERSION = YES;
				CLANG_WARN_DEPRECATED_OBJC_IMPLEMENTATIONS = YES;
				CLANG_WARN_DIRECT_OBJC_ISA_USAGE = YES_ERROR;
				CLANG_WARN_DOCUMENTATION_COMMENTS = YES;
				CLANG_WARN_EMPTY_BODY = YES;
				CLANG_WARN_ENUM_CONVERSION = YES;
				CLANG_WARN_INFINITE_RECURSION = YES;
				CLANG_WARN_INT_CONVERSION = YES;
				CLANG_WARN_NON_LITERAL_NULL_CONVERSION = YES;
				CLANG_WARN_OBJC_IMPLICIT_RETAIN_SELF = YES;
				CLANG_WARN_OBJC_LITERAL_CONVERSION = YES;
				CLANG_WARN_OBJC_ROOT_CLASS = YES_ERROR;
				CLANG_WARN_QUOTED_INCLUDE_IN_FRAMEWORK_HEADER = YES;
				CLANG_WARN_RANGE_LOOP_ANALYSIS = YES;
				CLANG_WARN_STRICT_PROTOTYPES = YES;
				CLANG_WARN_SUSPICIOUS_MOVE = YES;
				CLANG_WARN_UNGUARDED_AVAILABILITY = YES_AGGRESSIVE;
				CLANG_WARN_UNREACHABLE_CODE = YES;
				CLANG_WARN__DUPLICATE_METHOD_MATCH = YES;
				COPY_PHASE_STRIP = NO;
				DEBUG_INFORMATION_FORMAT = dwarf;
				ENABLE_STRICT_OBJC_MSGSEND = YES;
				ENABLE_TESTABILITY = YES;
				GCC_C_LANGUAGE_STANDARD = gnu11;
				GCC_DYNAMIC_NO_PIC = NO;
				GCC_NO_COMMON_BLOCKS = YES;
				GCC_OPTIMIZATION_LEVEL = 0;
				GCC_PREPROCESSOR_DEFINITIONS = (
					"DEBUG=1",
					"$(inherited)",
				);
				GCC_WARN_64_TO_32_BIT_CONVERSION = YES;
				GCC_WARN_ABOUT_RETURN_TYPE = YES_ERROR;
				GCC_WARN_UNDECLARED_SELECTOR = YES;
				GCC_WARN_UNINITIALIZED_AUTOS = YES_AGGRESSIVE;
				GCC_WARN_UNUSED_FUNCTION = YES;
				GCC_WARN_UNUSED_VARIABLE = YES;
				IPHONEOS_DEPLOYMENT_TARGET = 16.4;
				MTL_ENABLE_DEBUG_INFO = INCLUDE_SOURCE;
				MTL_FAST_MATH = YES;
				ONLY_ACTIVE_ARCH = YES;
				SDKROOT = iphoneos;
				SWIFT_ACTIVE_COMPILATION_CONDITIONS = DEBUG;
				SWIFT_OPTIMIZATION_LEVEL = "-Onone";
			};
			name = Debug;
		};
		E64ECDEA2A5CAD53007D1446 /* Release */ = {
			isa = XCBuildConfiguration;
			buildSettings = {
				ALWAYS_SEARCH_USER_PATHS = NO;
				CLANG_ANALYZER_NONNULL = YES;
				CLANG_ANALYZER_NUMBER_OBJECT_CONVERSION = YES_AGGRESSIVE;
				CLANG_CXX_LANGUAGE_STANDARD = "gnu++20";
				CLANG_ENABLE_MODULES = YES;
				CLANG_ENABLE_OBJC_ARC = YES;
				CLANG_ENABLE_OBJC_WEAK = YES;
				CLANG_WARN_BLOCK_CAPTURE_AUTORELEASING = YES;
				CLANG_WARN_BOOL_CONVERSION = YES;
				CLANG_WARN_COMMA = YES;
				CLANG_WARN_CONSTANT_CONVERSION = YES;
				CLANG_WARN_DEPRECATED_OBJC_IMPLEMENTATIONS = YES;
				CLANG_WARN_DIRECT_OBJC_ISA_USAGE = YES_ERROR;
				CLANG_WARN_DOCUMENTATION_COMMENTS = YES;
				CLANG_WARN_EMPTY_BODY = YES;
				CLANG_WARN_ENUM_CONVERSION = YES;
				CLANG_WARN_INFINITE_RECURSION = YES;
				CLANG_WARN_INT_CONVERSION = YES;
				CLANG_WARN_NON_LITERAL_NULL_CONVERSION = YES;
				CLANG_WARN_OBJC_IMPLICIT_RETAIN_SELF = YES;
				CLANG_WARN_OBJC_LITERAL_CONVERSION = YES;
				CLANG_WARN_OBJC_ROOT_CLASS = YES_ERROR;
				CLANG_WARN_QUOTED_INCLUDE_IN_FRAMEWORK_HEADER = YES;
				CLANG_WARN_RANGE_LOOP_ANALYSIS = YES;
				CLANG_WARN_STRICT_PROTOTYPES = YES;
				CLANG_WARN_SUSPICIOUS_MOVE = YES;
				CLANG_WARN_UNGUARDED_AVAILABILITY = YES_AGGRESSIVE;
				CLANG_WARN_UNREACHABLE_CODE = YES;
				CLANG_WARN__DUPLICATE_METHOD_MATCH = YES;
				COPY_PHASE_STRIP = NO;
				DEBUG_INFORMATION_FORMAT = "dwarf-with-dsym";
				ENABLE_NS_ASSERTIONS = NO;
				ENABLE_STRICT_OBJC_MSGSEND = YES;
				GCC_C_LANGUAGE_STANDARD = gnu11;
				GCC_NO_COMMON_BLOCKS = YES;
				GCC_WARN_64_TO_32_BIT_CONVERSION = YES;
				GCC_WARN_ABOUT_RETURN_TYPE = YES_ERROR;
				GCC_WARN_UNDECLARED_SELECTOR = YES;
				GCC_WARN_UNINITIALIZED_AUTOS = YES_AGGRESSIVE;
				GCC_WARN_UNUSED_FUNCTION = YES;
				GCC_WARN_UNUSED_VARIABLE = YES;
				IPHONEOS_DEPLOYMENT_TARGET = 16.4;
				MTL_ENABLE_DEBUG_INFO = NO;
				MTL_FAST_MATH = YES;
				SDKROOT = iphoneos;
				SWIFT_COMPILATION_MODE = wholemodule;
				SWIFT_OPTIMIZATION_LEVEL = "-O";
				VALIDATE_PRODUCT = YES;
			};
			name = Release;
		};
		E64ECDEC2A5CAD53007D1446 /* Debug */ = {
			isa = XCBuildConfiguration;
			buildSettings = {
				ASSETCATALOG_COMPILER_APPICON_NAME = AppIcon;
				ASSETCATALOG_COMPILER_GLOBAL_ACCENT_COLOR_NAME = AccentColor;
				CODE_SIGN_STYLE = Automatic;
				CURRENT_PROJECT_VERSION = 1;
				DEVELOPMENT_ASSET_PATHS = "\"Hike/Preview Content\"";
				DEVELOPMENT_TEAM = VMS7N3ZWG9;
				ENABLE_PREVIEWS = YES;
				GENERATE_INFOPLIST_FILE = YES;
				INFOPLIST_KEY_UIApplicationSceneManifest_Generation = YES;
				INFOPLIST_KEY_UIApplicationSupportsIndirectInputEvents = YES;
				INFOPLIST_KEY_UILaunchScreen_Generation = YES;
				INFOPLIST_KEY_UISupportedInterfaceOrientations_iPad = "UIInterfaceOrientationPortrait UIInterfaceOrientationPortraitUpsideDown UIInterfaceOrientationLandscapeLeft UIInterfaceOrientationLandscapeRight";
				INFOPLIST_KEY_UISupportedInterfaceOrientations_iPhone = "UIInterfaceOrientationPortrait UIInterfaceOrientationLandscapeLeft UIInterfaceOrientationLandscapeRight";
				LD_RUNPATH_SEARCH_PATHS = (
					"$(inherited)",
					"@executable_path/Frameworks",
				);
				MARKETING_VERSION = 1.0;
				PRODUCT_BUNDLE_IDENTIFIER = com.luxkscastro.Hike;
				PRODUCT_NAME = "$(TARGET_NAME)";
				SWIFT_EMIT_LOC_STRINGS = YES;
				SWIFT_VERSION = 5.0;
				TARGETED_DEVICE_FAMILY = "1,2";
			};
			name = Debug;
		};
		E64ECDED2A5CAD53007D1446 /* Release */ = {
			isa = XCBuildConfiguration;
			buildSettings = {
				ASSETCATALOG_COMPILER_APPICON_NAME = AppIcon;
				ASSETCATALOG_COMPILER_GLOBAL_ACCENT_COLOR_NAME = AccentColor;
				CODE_SIGN_STYLE = Automatic;
				CURRENT_PROJECT_VERSION = 1;
				DEVELOPMENT_ASSET_PATHS = "\"Hike/Preview Content\"";
				DEVELOPMENT_TEAM = VMS7N3ZWG9;
				ENABLE_PREVIEWS = YES;
				GENERATE_INFOPLIST_FILE = YES;
				INFOPLIST_KEY_UIApplicationSceneManifest_Generation = YES;
				INFOPLIST_KEY_UIApplicationSupportsIndirectInputEvents = YES;
				INFOPLIST_KEY_UILaunchScreen_Generation = YES;
				INFOPLIST_KEY_UISupportedInterfaceOrientations_iPad = "UIInterfaceOrientationPortrait UIInterfaceOrientationPortraitUpsideDown UIInterfaceOrientationLandscapeLeft UIInterfaceOrientationLandscapeRight";
				INFOPLIST_KEY_UISupportedInterfaceOrientations_iPhone = "UIInterfaceOrientationPortrait UIInterfaceOrientationLandscapeLeft UIInterfaceOrientationLandscapeRight";
				LD_RUNPATH_SEARCH_PATHS = (
					"$(inherited)",
					"@executable_path/Frameworks",
				);
				MARKETING_VERSION = 1.0;
				PRODUCT_BUNDLE_IDENTIFIER = com.luxkscastro.Hike;
				PRODUCT_NAME = "$(TARGET_NAME)";
				SWIFT_EMIT_LOC_STRINGS = YES;
				SWIFT_VERSION = 5.0;
				TARGETED_DEVICE_FAMILY = "1,2";
			};
			name = Release;
		};
/* End XCBuildConfiguration section */

/* Begin XCConfigurationList section */
		E64ECDD82A5CAD51007D1446 /* Build configuration list for PBXProject "Hike" */ = {
			isa = XCConfigurationList;
			buildConfigurations = (
				E64ECDE92A5CAD53007D1446 /* Debug */,
				E64ECDEA2A5CAD53007D1446 /* Release */,
			);
			defaultConfigurationIsVisible = 0;
			defaultConfigurationName = Release;
		};
		E64ECDEB2A5CAD53007D1446 /* Build configuration list for PBXNativeTarget "Hike" */ = {
			isa = XCConfigurationList;
			buildConfigurations = (
				E64ECDEC2A5CAD53007D1446 /* Debug */,
				E64ECDED2A5CAD53007D1446 /* Release */,
			);
			defaultConfigurationIsVisible = 0;
			defaultConfigurationName = Release;
		};
/* End XCConfigurationList section */
	};
	rootObject = E64ECDD52A5CAD51007D1446 /* Project object */;
}
